
Microsoft Visual Studio Solution File, Format Version 12.00
# Visual Studio 2012
Project("{FAE04EC0-301F-11D3-BF4B-00C04F79EFBC}") = "Socialnet", "Socialnet\Socialnet.csproj", "{9BAD465C-6063-42A5-BF29-879A8FF79E8C}"
EndProject
Project("{FAE04EC0-301F-11D3-BF4B-00C04F79EFBC}") = "Socialnet.Tests", "Socialnet.Tests\Socialnet.Tests.csproj", "{84E493A5-EB26-4C07-947A-BE345CA33788}"
EndProject
Global
	GlobalSection(SolutionConfigurationPlatforms) = preSolution
		Debug|Any CPU = Debug|Any CPU
		Release|Any CPU = Release|Any CPU
	EndGlobalSection
	GlobalSection(ProjectConfigurationPlatforms) = postSolution
		{9BAD465C-6063-42A5-BF29-879A8FF79E8C}.Debug|Any CPU.ActiveCfg = Debug|Any CPU
		{9BAD465C-6063-42A5-BF29-879A8FF79E8C}.Debug|Any CPU.Build.0 = Debug|Any CPU
		{9BAD465C-6063-42A5-BF29-879A8FF79E8C}.Release|Any CPU.ActiveCfg = Release|Any CPU
		{9BAD465C-6063-42A5-BF29-879A8FF79E8C}.Release|Any CPU.Build.0 = Release|Any CPU
		{84E493A5-EB26-4C07-947A-BE345CA33788}.Debug|Any CPU.ActiveCfg = Debug|Any CPU
		{84E493A5-EB26-4C07-947A-BE345CA33788}.Debug|Any CPU.Build.0 = Debug|Any CPU
		{84E493A5-EB26-4C07-947A-BE345CA33788}.Release|Any CPU.ActiveCfg = Release|Any CPU
		{84E493A5-EB26-4C07-947A-BE345CA33788}.Release|Any CPU.Build.0 = Release|Any CPU
	EndGlobalSection
	GlobalSection(SolutionProperties) = preSolution
		HideSolutionNode = FALSE
	EndGlobalSection
EndGlobal
